<?xml version="1.0" encoding="utf-8"?>
<Project ToolsVersion="4.0" xmlns="http://schemas.microsoft.com/developer/msbuild/2003">
  <ItemGroup>
    <Filter Include="Source Files">
      <UniqueIdentifier>{4FC737F1-C7A5-4376-A066-2A32D752A2FF}</UniqueIdentifier>
      <Extensions>cpp;c;cc;cxx;def;odl;idl;hpj;bat;asm;asmx</Extensions>
    </Filter>
    <Filter Include="Header Files">
      <UniqueIdentifier>{93995380-89BD-4b04-88EB-625FBE52EBFB}</UniqueIdentifier>
      <Extensions>h;hh;hpp;hxx;hm;inl;inc;xsd</Extensions>
    </Filter>
    <Filter Include="Resource Files">
      <UniqueIdentifier>{67DA6AB6-F800-4c08-8B7A-83BB121AAD01}</UniqueIdentifier>
      <Extensions>rc;ico;cur;bmp;dlg;rc2;rct;bin;rgs;gif;jpg;jpeg;jpe;resx;tiff;tif;png;wav</Extensions>
    </Filter>
  </ItemGroup>
  <ItemGroup>
    <ClCompile Include="main.cc">
      <Filter>Source Files</Filter>
    </ClCompile>
    <ClCompile Include="im_tex.cc">
      <Filter>Source Files</Filter>
    </ClCompile>
    <ClCompile Include="im_gen.cc">
      <Filter>Source Files</Filter>
    </ClCompile>
    <ClCompile Include="pakfile.cc">
      <Filter>Source Files</Filter>
    </ClCompile>
    <ClCompile Include="im_mip.cc">
      <Filter>Source Files</Filter>
    </ClCompile>
    <ClCompile Include="archive.cc">
      <Filter>Source Files</Filter>
    </ClCompile>
    <ClCompile Include="im_color.cc">
      <Filter>Source Files</Filter>
    </ClCompile>
    <ClCompile Include="u_file.cc">
      <Filter>Source Files</Filter>
    </ClCompile>
    <!--<ClCompile Include="im_png.cc">
      <Filter>Source Files</Filter>
    </ClCompile>-->
    <ClCompile Include="u_util.cc">
      <Filter>Source Files</Filter>
    </ClCompile>
    <ClCompile Include="im_image.cc">
      <Filter>Source Files</Filter>
    </ClCompile>
    <ClCompile Include="arc_spec.cc">
      <Filter>Source Files</Filter>
    </ClCompile>
    <ClCompile Include="u_assert.cc">
      <Filter>Source Files</Filter>
    </ClCompile>
  </ItemGroup>
  <ItemGroup>
    <ClInclude Include="main.h">
      <Filter>Header Files</Filter>
    </ClInclude>
    <ClInclude Include="u_type.h">
      <Filter>Header Files</Filter>
    </ClInclude>
    <ClInclude Include="archive.h">
      <Filter>Header Files</Filter>
    </ClInclude>
    <ClInclude Include="im_mip.h">
      <Filter>Header Files</Filter>
    </ClInclude>
    <ClInclude Include="im_image.h">
      <Filter>Header Files</Filter>
    </ClInclude>
    <ClInclude Include="u_assert.h">
      <Filter>Header Files</Filter>
    </ClInclude>
    <ClInclude Include="u_macro.h">
      <Filter>Header Files</Filter>
    </ClInclude>
    <ClInclude Include="u_file.h">
      <Filter>Header Files</Filter>
    </ClInclude>
    <ClInclude Include="arc_spec.h">
      <Filter>Header Files</Filter>
    </ClInclude>
    <ClInclude Include="headers.h">
      <Filter>Header Files</Filter>
    </ClInclude>
    <ClInclude Include="q1_structs.h">
      <Filter>Header Files</Filter>
    </ClInclude>
    <ClInclude Include="u_endian.h">
      <Filter>Header Files</Filter>
    </ClInclude>
    <ClInclude Include="im_color.h">
      <Filter>Header Files</Filter>
    </ClInclude>
    <ClInclude Include="u_util.h">
      <Filter>Header Files</Filter>
    </ClInclude>
    <ClInclude Include="im_tex.h">
      <Filter>Header Files</Filter>
    </ClInclude>
    <ClInclude Include="im_gen.h">
      <Filter>Header Files</Filter>
    </ClInclude>
    <ClInclude Include="pakfile.h">
      <Filter>Header Files</Filter>
    </ClInclude>
    <!--<ClInclude Include="im_png.h">
      <Filter>Header Files</Filter>
    </ClInclude>-->
  </ItemGroup>
</Project>